
Microsoft Visual Studio Solution File, Format Version 12.00
# Visual Studio 14
VisualStudioVersion = 14.0.25420.1
MinimumVisualStudioVersion = 10.0.40219.1
Project("{FAE04EC0-301F-11D3-BF4B-00C04F79EFBC}") = "MyMVC.UI", "MyMVC.UI\MyMVC.UI.csproj", "{A8494516-43E7-4B9F-9E39-CD9590A0F16B}"
EndProject
Global
	GlobalSection(SolutionConfigurationPlatforms) = preSolution
		Debug|Any CPU = Debug|Any CPU
		Release|Any CPU = Release|Any CPU
	EndGlobalSection
	GlobalSection(ProjectConfigurationPlatforms) = postSolution
		{A8494516-43E7-4B9F-9E39-CD9590A0F16B}.Debug|Any CPU.ActiveCfg = Debug|Any CPU
		{A8494516-43E7-4B9F-9E39-CD9590A0F16B}.Debug|Any CPU.Build.0 = Debug|Any CPU
		{A8494516-43E7-4B9F-9E39-CD9590A0F16B}.Release|Any CPU.ActiveCfg = Release|Any CPU
		{A8494516-43E7-4B9F-9E39-CD9590A0F16B}.Release|Any CPU.Build.0 = Release|Any CPU
	EndGlobalSection
	GlobalSection(SolutionProperties) = preSolution
		HideSolutionNode = FALSE
	EndGlobalSection
EndGlobal
